hash: 8ee48e1e52ed2fff0db3604c74d61e869729c338e84694a2f0cbfff6133f8689
updated: 2016-01-23T04:43:35.451969358Z
imports:
- name: code.google.com/p/go-uuid
  version: 35bc42037350
  subpackages:
  - /uuid
- name: collectd.org
  version: 9fc824c70f713ea0f058a07b49a4c563ef2a3b98
  repo: https://collectd.org
- name: github.com/armon/go-metrics
  version: 345426c77237ece5dab0e1605c3e4b35c3f54757
  repo: https://github.com/armon/go-metrics
- name: github.com/beorn7/perks
  version: b965b613227fddccbfffe13eae360ed3fa822f8d
  repo: https://github.com/beorn7/perks
- name: github.com/bmizerany/pat
  version: b8a35001b773c267eb260a691f4e5499a3531600
  repo: https://github.com/bmizerany/pat
- name: github.com/boj/redistore
  version: 9c0e6bab4dd444285424f189b8fb0cb03f653242
- name: github.com/boltdb/bolt
  version: ee4a0888a9abe7eefe5a0992ca4cb06864839873
  repo: https://github.com/boltdb/bolt
- name: github.com/bradfitz/gomemcache
  version: fb1f79c6b65acda83063cbc69f6bba1522558bfc
- name: github.com/BurntSushi/toml
  version: 5c4df71dfe9ac89ef6287afc05e4c1b16ae65a1e
- name: github.com/DataDog/datadog-go
  version: bc97e0770ad4edae1c9dc14beb40b79b2dde32f8
  repo: https://github.com/DataDog/datadog-go
- name: github.com/dgrijalva/jwt-go
  version: afef698c326bfd906b11659432544e5aae441d44
- name: github.com/dgryski/go-bits
  version: 86c69b3c986f9d40065df5bd8f765796549eef2e
  repo: https://github.com/dgryski/go-bits
- name: github.com/dgryski/go-bitstream
  version: 27cd5973303fde7d914860be1ea4b927a6be0c92
  repo: https://github.com/dgryski/go-bitstream
- name: github.com/doloopwhile/logrusltsv
  version: 9087e89e05edfee9f349d1c8441a3013f19a30d1
- name: github.com/dustin/go-broadcast
  version: 3bdf6d4a7164a50bc19d5f230e2981d87d2584f1
- name: github.com/elazarl/go-bindata-assetfs
  version: 57eb5e1fc594ad4b0b1dbea7b286d299e0cb43c2
- name: github.com/garyburd/redigo
  version: 836b6e58b3358112c8291565d01c35b8764070d7
- name: github.com/getsentry/raven-go
  version: 1cc47a9463b90f246a0503d4c2e9a55c9459ced3
- name: github.com/gin-gonic/contrib
  version: 14f66d54cdb96059bafca98665bcc6d9df4951f2
  subpackages:
  - /secure
  - sessions
- name: github.com/gin-gonic/gin
  version: 52fcc5dbf6e94df33ad313858fb94b713e9d1b4a
- name: github.com/gogo/protobuf
  version: c57e439bad574c2e0877ff18d514badcfced004d
  repo: https://github.com/gogo/protobuf
- name: github.com/golang/lint
  version: 32a87160691b3c96046c0c678fe57c5bef761456
- name: github.com/golang/protobuf
  version: 5fc2294e655b78ed8a02082d37808d46c17d7e64
- name: github.com/golang/snappy
  version: 723cc1e459b8eea2dea4583200fd60757d40097a
  repo: https://github.com/golang/snappy
- name: github.com/gorilla/context
  version: 1c83b3eabd45b6d76072b66b746c20815fb2872d
- name: github.com/gorilla/securecookie
  version: e95799a481bbcc3d01c2ad5178524cb8bec9f370
- name: github.com/gorilla/sessions
  version: 715060ac0b7d99d95d1600df329f5da94809023a
- name: github.com/hashicorp/go-msgpack
  version: fa3f63826f7c23912c15263591e65d54d080b458
  repo: https://github.com/hashicorp/go-msgpack
- name: github.com/hashicorp/raft
  version: 057b893fd996696719e98b6c44649ea14968c811
  repo: https://github.com/hashicorp/raft
- name: github.com/hashicorp/raft-boltdb
  version: d1e82c1ec3f15ee991f7cc7ffd5b67ff6f5bbaee
  repo: https://github.com/hashicorp/raft-boltdb
- name: github.com/influxdb/influxdb
  version: 58e0eed9cb166e0b004e6b41a4d64c39d24b40f4
  repo: https://github.com/influxdb/influxdb
- name: github.com/influxdb/usage-client
  version: 475977e68d79883d9c8d67131c84e4241523f452
  repo: https://github.com/influxdb/usage-client
- name: github.com/julienschmidt/httprouter
  version: abb0dc9f755ff0a9d818db28d9d8b9810066e2b5
  repo: https://github.com/julienschmidt/httprouter
- name: github.com/jwilder/encoding
  version: 07d88d4f35eec497617bee0c7bfe651a796dae13
  repo: https://github.com/jwilder/encoding
- name: github.com/k0kubun/pp
  version: 36d5366f4ec038f9a76dd85c7b29074089bb9b9e
- name: github.com/kaneshin/genex
  version: 54f0f4c35fb3aff125f8ef8c07082d90f74612e8
- name: github.com/kimor79/gollectd
  version: 61d0deeb4ffcc167b2a1baa8efd72365692811bc
  repo: https://github.com/kimor79/gollectd
- name: github.com/manucorporat/sse
  version: c142f0f1baea5cef7f98a8a6c222f6134368c1f5
- name: github.com/manucorporat/stats
  version: 8f2d6ace262eba462e9beb552382c98be51d807b
- name: github.com/mattn/go-colorable
  version: d67e0b7d1797975196499f79bcc322c08b9f218b
- name: github.com/matttproud/golang_protobuf_extensions
  version: d0c3fe89de86839aecf2e0579c40ba3bb336a453
  repo: https://github.com/matttproud/golang_protobuf_extensions
- name: github.com/mitchellh/mapstructure
  version: 281073eb9eb092240d33ef253c404f1cca550309
- name: github.com/paulbellamy/ratecounter
  version: 5a11f585a31379765c190c033b6ad39956584447
  repo: https://github.com/paulbellamy/ratecounter
- name: github.com/peterh/liner
  version: 72909af234e0e355af10d0ace679446a6c5d7ec3
  repo: https://github.com/peterh/liner
- name: github.com/prometheus/client_golang
  version: 67994f177195311c3ea3d4407ed0175e34a4256f
  repo: https://github.com/prometheus/client_golang
- name: github.com/prometheus/client_model
  version: fa8ad6fec33561be4280a8f0514318c79d7f6cb6
  repo: https://github.com/prometheus/client_model
- name: github.com/prometheus/common
  version: b0d797186bfbaf6d785031c6c2d32f75c720007d
  repo: https://github.com/prometheus/common
- name: github.com/prometheus/procfs
  version: 406e5b7bfd8201a36e2bb5f7bdae0b03380c2ce8
  repo: https://github.com/prometheus/procfs
- name: github.com/rakyll/statik
  version: 274df120e9065bdd08eb1120e0375e3dc1ae8465
  repo: https://github.com/rakyll/statik
- name: github.com/rcrowley/go-metrics
  version: 51425a2415d21afadfd55cd93432c0bc69e9598d
  repo: https://github.com/rcrowley/go-metrics
- name: github.com/robfig/go-cache
  version: 9fc39e0dbf62c034ec4e45e6120fc69433a3ec51
- name: github.com/serenize/snaker
  version: d88cc11617e4f179fa2c821a60908d5fabd7bdad
- name: github.com/Sirupsen/logrus
  version: f7f79f729e0fbe2fcc061db48a9ba0263f588252
- name: github.com/stathat/go
  version: 01d012b9ee2ecc107cb28b6dd32d9019ed5c1d77
  repo: https://github.com/stathat/go
- name: github.com/stretchr/objx
  version: 1a9d0bb9f541897e62256577b352fdbc1fb4fd94
- name: github.com/stretchr/testify
  version: 232e8563676cd15c3a36ba5e675ad4312ac4cb11
  subpackages:
  - assert
- name: github.com/yvasiyarov/go-metrics
  version: c25f46c4b94079672242ec48a545e7ca9ebe3aec
- name: github.com/yvasiyarov/gorelic
  version: 899fe5e1be7138f2440c28e77532f0635c1249f1
- name: github.com/yvasiyarov/newrelic_platform_go
  version: db03d6dfd965ebc22dbfd910567c641b326ff055
- name: golang.org/x/crypto
  version: 3760e016850398b85094c4c99e955b8c3dea5711
- name: golang.org/x/net
  version: 621fff363a1d9ad7fdd0bfa9d80a42881267deb4
  subpackages:
  - /context
- name: golang.org/x/text
  version: cf4986612c83df6c55578ba198316d1684a9a287
- name: golang.org/x/tools
  version: f3a63969dd29f8cfa913fdaea22f30c1ed537cb3
- name: gopkg.in/airbrake/gobrake.v2
  version: c9d51adc624b5cc4c1bf8de730a09af4878ffe2d
  repo: https://gopkg.in/airbrake/gobrake.v2
- name: gopkg.in/bluesuncorp/validator.v5
  version: 07cbdd2e6dfd947b002e83c13b775c7580fab2d5
- name: gopkg.in/fatih/pool.v2
  version: cba550ebf9bce999a02e963296d4bc7a486cb715
  repo: https://gopkg.in/fatih/pool.v2
- name: gopkg.in/gemnasium/logrus-airbrake-hook.v2
  version: 31e6fd4bd5a98d8ee7673d24bc54ec73c31810dd
  repo: https://gopkg.in/gemnasium/logrus-airbrake-hook.v2
- name: gopkg.in/validator.v2
  version: d2370bad6ec2836e8a01845717320bc4f30e96aa
- name: gopkg.in/yaml.v2
  version: f7716cbe52baa25d2e9b0d0da546fcf909fc16b4
devImports: []
